
Microsoft Visual Studio Solution File, Format Version 12.00
# Visual Studio Version 16
VisualStudioVersion = 16.0.28729.10
MinimumVisualStudioVersion = 10.0.40219.1
Project("{9A19103F-16F7-4668-BE54-9A1E7A4F7556}") = "Ex 3.2 Can", "Ex 3.2 Can\Ex 3.2 Can.csproj", "{32D8D940-397D-4A74-8B73-50AB25E72FCF}"
EndProject
Project("{9A19103F-16F7-4668-BE54-9A1E7A4F7556}") = "Ex 3.3 Coin", "Ex 3.3 Coin\Ex 3.3 Coin.csproj", "{312CA3C7-FB87-4EC6-A661-99D45DAF7F42}"
EndProject
Project("{FAE04EC0-301F-11D3-BF4B-00C04F79EFBC}") = "Ex 4.1 Rework CanRack", "Ex 4.1 - Rework CanRack\Ex 4.1 Rework CanRack.csproj", "{07258AB1-A923-4A7A-88DB-3325F0E6E26A}"
EndProject
Global
	GlobalSection(SolutionConfigurationPlatforms) = preSolution
		Debug|Any CPU = Debug|Any CPU
		Release|Any CPU = Release|Any CPU
	EndGlobalSection
	GlobalSection(ProjectConfigurationPlatforms) = postSolution
		{32D8D940-397D-4A74-8B73-50AB25E72FCF}.Debug|Any CPU.ActiveCfg = Debug|Any CPU
		{32D8D940-397D-4A74-8B73-50AB25E72FCF}.Debug|Any CPU.Build.0 = Debug|Any CPU
		{32D8D940-397D-4A74-8B73-50AB25E72FCF}.Release|Any CPU.ActiveCfg = Release|Any CPU
		{32D8D940-397D-4A74-8B73-50AB25E72FCF}.Release|Any CPU.Build.0 = Release|Any CPU
		{312CA3C7-FB87-4EC6-A661-99D45DAF7F42}.Debug|Any CPU.ActiveCfg = Debug|Any CPU
		{312CA3C7-FB87-4EC6-A661-99D45DAF7F42}.Debug|Any CPU.Build.0 = Debug|Any CPU
		{312CA3C7-FB87-4EC6-A661-99D45DAF7F42}.Release|Any CPU.ActiveCfg = Release|Any CPU
		{312CA3C7-FB87-4EC6-A661-99D45DAF7F42}.Release|Any CPU.Build.0 = Release|Any CPU
		{07258AB1-A923-4A7A-88DB-3325F0E6E26A}.Debug|Any CPU.ActiveCfg = Debug|Any CPU
		{07258AB1-A923-4A7A-88DB-3325F0E6E26A}.Debug|Any CPU.Build.0 = Debug|Any CPU
		{07258AB1-A923-4A7A-88DB-3325F0E6E26A}.Release|Any CPU.ActiveCfg = Release|Any CPU
		{07258AB1-A923-4A7A-88DB-3325F0E6E26A}.Release|Any CPU.Build.0 = Release|Any CPU
	EndGlobalSection
	GlobalSection(SolutionProperties) = preSolution
		HideSolutionNode = FALSE
	EndGlobalSection
	GlobalSection(ExtensibilityGlobals) = postSolution
		SolutionGuid = {5ED84E3F-EA37-4C39-B5FF-F646563E6F33}
	EndGlobalSection
EndGlobal
