
Microsoft Visual Studio Solution File, Format Version 12.00
# Visual Studio Version 16
VisualStudioVersion = 16.0.30907.101
MinimumVisualStudioVersion = 10.0.40219.1
Project("{FAE04EC0-301F-11D3-BF4B-00C04F79EFBC}") = "SodaVendingMachine", "SodaVendingMachine\SodaVendingMachine.csproj", "{0C531534-D596-40D1-A263-F3E469B4D474}"
EndProject
Global
	GlobalSection(SolutionConfigurationPlatforms) = preSolution
		Debug|Any CPU = Debug|Any CPU
		Release|Any CPU = Release|Any CPU
	EndGlobalSection
	GlobalSection(ProjectConfigurationPlatforms) = postSolution
		{0C531534-D596-40D1-A263-F3E469B4D474}.Debug|Any CPU.ActiveCfg = Debug|Any CPU
		{0C531534-D596-40D1-A263-F3E469B4D474}.Debug|Any CPU.Build.0 = Debug|Any CPU
		{0C531534-D596-40D1-A263-F3E469B4D474}.Release|Any CPU.ActiveCfg = Release|Any CPU
		{0C531534-D596-40D1-A263-F3E469B4D474}.Release|Any CPU.Build.0 = Release|Any CPU
	EndGlobalSection
	GlobalSection(SolutionProperties) = preSolution
		HideSolutionNode = FALSE
	EndGlobalSection
	GlobalSection(ExtensibilityGlobals) = postSolution
		SolutionGuid = {B919366F-4C4B-4E80-8795-8A5E956C29B1}
	EndGlobalSection
EndGlobal
